
Microsoft Visual Studio Solution File, Format Version 12.00
# Visual Studio Version 16
VisualStudioVersion = 16.0.30114.105
MinimumVisualStudioVersion = 10.0.40219.1
Project("{9A19103F-16F7-4668-BE54-9A1E7A4F7556}") = "Domain", "Domain.csproj", "{13EA3A0B-3F9B-404F-B79D-1C064F37FAA8}"
EndProject
Project("{FAE04EC0-301F-11D3-BF4B-00C04F79EFBC}") = "DataAccess", "..\DataAccess1\DataAccess.csproj", "{46658556-A0C8-4FFD-9FA6-A02852409F97}"
EndProject
Project("{FAE04EC0-301F-11D3-BF4B-00C04F79EFBC}") = "BusinessLayer", "..\BusinessLayer\BusinessLayer.csproj", "{71AEF2A0-0204-48C8-B509-861BF1FB24E7}"
EndProject
Project("{FAE04EC0-301F-11D3-BF4B-00C04F79EFBC}") = "Presentatie.Web", "..\Presentatie.Web\Presentatie.Web.csproj", "{49FBE54A-920D-4760-A290-5FAB2F609D0E}"
EndProject
Global
	GlobalSection(SolutionConfigurationPlatforms) = preSolution
		Debug|Any CPU = Debug|Any CPU
		Release|Any CPU = Release|Any CPU
	EndGlobalSection
	GlobalSection(ProjectConfigurationPlatforms) = postSolution
		{13EA3A0B-3F9B-404F-B79D-1C064F37FAA8}.Debug|Any CPU.ActiveCfg = Debug|Any CPU
		{13EA3A0B-3F9B-404F-B79D-1C064F37FAA8}.Debug|Any CPU.Build.0 = Debug|Any CPU
		{13EA3A0B-3F9B-404F-B79D-1C064F37FAA8}.Release|Any CPU.ActiveCfg = Release|Any CPU
		{13EA3A0B-3F9B-404F-B79D-1C064F37FAA8}.Release|Any CPU.Build.0 = Release|Any CPU
		{46658556-A0C8-4FFD-9FA6-A02852409F97}.Debug|Any CPU.ActiveCfg = Debug|Any CPU
		{46658556-A0C8-4FFD-9FA6-A02852409F97}.Debug|Any CPU.Build.0 = Debug|Any CPU
		{46658556-A0C8-4FFD-9FA6-A02852409F97}.Release|Any CPU.ActiveCfg = Release|Any CPU
		{46658556-A0C8-4FFD-9FA6-A02852409F97}.Release|Any CPU.Build.0 = Release|Any CPU
		{71AEF2A0-0204-48C8-B509-861BF1FB24E7}.Debug|Any CPU.ActiveCfg = Debug|Any CPU
		{71AEF2A0-0204-48C8-B509-861BF1FB24E7}.Debug|Any CPU.Build.0 = Debug|Any CPU
		{71AEF2A0-0204-48C8-B509-861BF1FB24E7}.Release|Any CPU.ActiveCfg = Release|Any CPU
		{71AEF2A0-0204-48C8-B509-861BF1FB24E7}.Release|Any CPU.Build.0 = Release|Any CPU
		{49FBE54A-920D-4760-A290-5FAB2F609D0E}.Debug|Any CPU.ActiveCfg = Debug|Any CPU
		{49FBE54A-920D-4760-A290-5FAB2F609D0E}.Debug|Any CPU.Build.0 = Debug|Any CPU
		{49FBE54A-920D-4760-A290-5FAB2F609D0E}.Release|Any CPU.ActiveCfg = Release|Any CPU
		{49FBE54A-920D-4760-A290-5FAB2F609D0E}.Release|Any CPU.Build.0 = Release|Any CPU
	EndGlobalSection
	GlobalSection(SolutionProperties) = preSolution
		HideSolutionNode = FALSE
	EndGlobalSection
	GlobalSection(ExtensibilityGlobals) = postSolution
		SolutionGuid = {716B934A-1BF3-4E30-A01D-12AEE17E53C6}
	EndGlobalSection
EndGlobal
