
Microsoft Visual Studio Solution File, Format Version 12.00
# Visual Studio Version 16
VisualStudioVersion = 16.0.30104.148
MinimumVisualStudioVersion = 10.0.40219.1
Project("{FAE04EC0-301F-11D3-BF4B-00C04F79EFBC}") = "WpfAppLes1", "WpfAppLes1.csproj", "{17920252-E949-47E7-9A71-3B228E092E44}"
EndProject
Global
	GlobalSection(SolutionConfigurationPlatforms) = preSolution
		Debug|Any CPU = Debug|Any CPU
		Release|Any CPU = Release|Any CPU
	EndGlobalSection
	GlobalSection(ProjectConfigurationPlatforms) = postSolution
		{17920252-E949-47E7-9A71-3B228E092E44}.Debug|Any CPU.ActiveCfg = Debug|Any CPU
		{17920252-E949-47E7-9A71-3B228E092E44}.Debug|Any CPU.Build.0 = Debug|Any CPU
		{17920252-E949-47E7-9A71-3B228E092E44}.Release|Any CPU.ActiveCfg = Release|Any CPU
		{17920252-E949-47E7-9A71-3B228E092E44}.Release|Any CPU.Build.0 = Release|Any CPU
	EndGlobalSection
	GlobalSection(SolutionProperties) = preSolution
		HideSolutionNode = FALSE
	EndGlobalSection
	GlobalSection(ExtensibilityGlobals) = postSolution
		SolutionGuid = {87D34BB9-9373-41F4-9319-F2AA8D180CC6}
	EndGlobalSection
EndGlobal
